<?xml version="1.0" encoding="utf-8"?>
<Project ToolsVersion="4.0" xmlns="http://schemas.microsoft.com/developer/msbuild/2003">
  <ItemGroup>
    <Filter Include="Source Files">
      <UniqueIdentifier>{4FC737F1-C7A5-4376-A066-2A32D752A2FF}</UniqueIdentifier>
      <Extensions>cpp;c;cc;cxx;def;odl;idl;hpj;bat;asm;asmx</Extensions>
    </Filter>
    <Filter Include="Header Files">
      <UniqueIdentifier>{93995380-89BD-4b04-88EB-625FBE52EBFB}</UniqueIdentifier>
      <Extensions>h;hpp;hxx;hm;inl;inc;xsd</Extensions>
    </Filter>
    <Filter Include="Resource Files">
      <UniqueIdentifier>{67DA6AB6-F800-4c08-8B7A-83BB121AAD01}</UniqueIdentifier>
      <Extensions>rc;ico;cur;bmp;dlg;rc2;rct;bin;rgs;gif;jpg;jpeg;jpe;resx;tiff;tif;png;wav;mfcribbon-ms</Extensions>
    </Filter>
  </ItemGroup>
  <ItemGroup>
    <ClCompile Include="examoo.cpp">
      <Filter>Source Files</Filter>
    </ClCompile>
    <ClCompile Include="camera.cpp">
      <Filter>Source Files</Filter>
    </ClCompile>
    <ClCompile Include="craft.cpp">
      <Filter>Source Files</Filter>
    </ClCompile>
    <ClCompile Include="plane.cpp">
      <Filter>Source Files</Filter>
    </ClCompile>
    <ClCompile Include="gui.cpp">
      <Filter>Source Files</Filter>
    </ClCompile>
    <ClCompile Include="box2d.cpp">
      <Filter>Source Files</Filter>
    </ClCompile>
  </ItemGroup>
  <ItemGroup>
    <ClInclude Include="craftTexCoords.h">
      <Filter>Header Files</Filter>
    </ClInclude>
    <ClInclude Include="craftVertices.h">
      <Filter>Header Files</Filter>
    </ClInclude>
    <ClInclude Include="examoo.h">
      <Filter>Header Files</Filter>
    </ClInclude>
    <ClInclude Include="camera.h">
      <Filter>Header Files</Filter>
    </ClInclude>
    <ClInclude Include="craftNormals.h">
      <Filter>Header Files</Filter>
    </ClInclude>
    <ClInclude Include="craft.h">
      <Filter>Header Files</Filter>
    </ClInclude>
    <ClInclude Include="materials.h">
      <Filter>Header Files</Filter>
    </ClInclude>
    <ClInclude Include="plane.h">
      <Filter>Header Files</Filter>
    </ClInclude>
    <ClInclude Include="planeNormals.h">
      <Filter>Header Files</Filter>
    </ClInclude>
    <ClInclude Include="planeTexCoords.h">
      <Filter>Header Files</Filter>
    </ClInclude>
    <ClInclude Include="planeVertices.h">
      <Filter>Header Files</Filter>
    </ClInclude>
    <ClInclude Include="gui.h">
      <Filter>Header Files</Filter>
    </ClInclude>
    <ClInclude Include="box2d.h">
      <Filter>Header Files</Filter>
    </ClInclude>
  </ItemGroup>
</Project>